
Microsoft Visual Studio Solution File, Format Version 12.00
Project("{FAE04EC0-301F-11D3-BF4B-00C04F79EFBC}") = "Cat", "Cat\Cat.csproj", "{C1F9457C-A91D-4A4D-9F92-0CCE9E6377B0}"
EndProject
Project("{FAE04EC0-301F-11D3-BF4B-00C04F79EFBC}") = "CatTests", "CatTests\CatTests.csproj", "{BB7C8A19-A1AA-434C-8ECC-94DAB3FAF81C}"
EndProject
Project("{FAE04EC0-301F-11D3-BF4B-00C04F79EFBC}") = "CatDi", "CatDi\CatDi.csproj", "{4163A5D3-E30B-45A0-A307-4E66B3AB2501}"
EndProject
Project("{FAE04EC0-301F-11D3-BF4B-00C04F79EFBC}") = "CatDi_Tests", "CatDi_Tests\CatDi_Tests.csproj", "{4742D714-A211-41D3-80E5-C1E70EAEA22A}"
EndProject
Project("{FAE04EC0-301F-11D3-BF4B-00C04F79EFBC}") = "CatLexing", "CatLexing\CatLexing.csproj", "{6B926CC5-40BE-4F20-B481-04FDBB53C9C5}"
EndProject
Project("{FAE04EC0-301F-11D3-BF4B-00C04F79EFBC}") = "CatAst", "CatAst\CatAst.csproj", "{3D80A98B-E1AA-4955-9C69-A3F3A959236F}"
EndProject
Project("{FAE04EC0-301F-11D3-BF4B-00C04F79EFBC}") = "CatData", "CatData\CatData.csproj", "{2EAD66CA-57C6-49F3-BA54-776F23ED6DAF}"
EndProject
Project("{FAE04EC0-301F-11D3-BF4B-00C04F79EFBC}") = "CatInterpret", "CatInterpret\CatInterpret.csproj", "{565C23AE-83C4-46F5-8F10-838836816701}"
EndProject
Project("{FAE04EC0-301F-11D3-BF4B-00C04F79EFBC}") = "CatInterpretTests", "CatInterpretTests\CatInterpretTests.csproj", "{503E8A5F-E672-4032-A8CE-41E0EC33F0ED}"
EndProject
Project("{FAE04EC0-301F-11D3-BF4B-00C04F79EFBC}") = "CatAst_Tests", "CatAst_Tests\CatAst_Tests.csproj", "{A56DAF1F-356C-4C35-9BFC-F7CC5042ED9F}"
EndProject
Project("{FAE04EC0-301F-11D3-BF4B-00C04F79EFBC}") = "CatLogger", "CatLogger\CatLogger.csproj", "{22AB243E-D060-4317-B318-DB9E8EF5CEE9}"
EndProject
Global
	GlobalSection(SolutionConfigurationPlatforms) = preSolution
		Debug|Any CPU = Debug|Any CPU
		Release|Any CPU = Release|Any CPU
	EndGlobalSection
	GlobalSection(ProjectConfigurationPlatforms) = postSolution
		{C1F9457C-A91D-4A4D-9F92-0CCE9E6377B0}.Debug|Any CPU.ActiveCfg = Debug|Any CPU
		{C1F9457C-A91D-4A4D-9F92-0CCE9E6377B0}.Debug|Any CPU.Build.0 = Debug|Any CPU
		{C1F9457C-A91D-4A4D-9F92-0CCE9E6377B0}.Release|Any CPU.ActiveCfg = Release|Any CPU
		{C1F9457C-A91D-4A4D-9F92-0CCE9E6377B0}.Release|Any CPU.Build.0 = Release|Any CPU
		{BB7C8A19-A1AA-434C-8ECC-94DAB3FAF81C}.Debug|Any CPU.ActiveCfg = Debug|Any CPU
		{BB7C8A19-A1AA-434C-8ECC-94DAB3FAF81C}.Debug|Any CPU.Build.0 = Debug|Any CPU
		{BB7C8A19-A1AA-434C-8ECC-94DAB3FAF81C}.Release|Any CPU.ActiveCfg = Release|Any CPU
		{BB7C8A19-A1AA-434C-8ECC-94DAB3FAF81C}.Release|Any CPU.Build.0 = Release|Any CPU
		{4163A5D3-E30B-45A0-A307-4E66B3AB2501}.Debug|Any CPU.ActiveCfg = Debug|Any CPU
		{4163A5D3-E30B-45A0-A307-4E66B3AB2501}.Debug|Any CPU.Build.0 = Debug|Any CPU
		{4163A5D3-E30B-45A0-A307-4E66B3AB2501}.Release|Any CPU.ActiveCfg = Release|Any CPU
		{4163A5D3-E30B-45A0-A307-4E66B3AB2501}.Release|Any CPU.Build.0 = Release|Any CPU
		{4742D714-A211-41D3-80E5-C1E70EAEA22A}.Debug|Any CPU.ActiveCfg = Debug|Any CPU
		{4742D714-A211-41D3-80E5-C1E70EAEA22A}.Debug|Any CPU.Build.0 = Debug|Any CPU
		{4742D714-A211-41D3-80E5-C1E70EAEA22A}.Release|Any CPU.ActiveCfg = Release|Any CPU
		{4742D714-A211-41D3-80E5-C1E70EAEA22A}.Release|Any CPU.Build.0 = Release|Any CPU
		{6B926CC5-40BE-4F20-B481-04FDBB53C9C5}.Debug|Any CPU.ActiveCfg = Debug|Any CPU
		{6B926CC5-40BE-4F20-B481-04FDBB53C9C5}.Debug|Any CPU.Build.0 = Debug|Any CPU
		{6B926CC5-40BE-4F20-B481-04FDBB53C9C5}.Release|Any CPU.ActiveCfg = Release|Any CPU
		{6B926CC5-40BE-4F20-B481-04FDBB53C9C5}.Release|Any CPU.Build.0 = Release|Any CPU
		{3D80A98B-E1AA-4955-9C69-A3F3A959236F}.Debug|Any CPU.ActiveCfg = Debug|Any CPU
		{3D80A98B-E1AA-4955-9C69-A3F3A959236F}.Debug|Any CPU.Build.0 = Debug|Any CPU
		{3D80A98B-E1AA-4955-9C69-A3F3A959236F}.Release|Any CPU.ActiveCfg = Release|Any CPU
		{3D80A98B-E1AA-4955-9C69-A3F3A959236F}.Release|Any CPU.Build.0 = Release|Any CPU
		{2EAD66CA-57C6-49F3-BA54-776F23ED6DAF}.Debug|Any CPU.ActiveCfg = Debug|Any CPU
		{2EAD66CA-57C6-49F3-BA54-776F23ED6DAF}.Debug|Any CPU.Build.0 = Debug|Any CPU
		{2EAD66CA-57C6-49F3-BA54-776F23ED6DAF}.Release|Any CPU.ActiveCfg = Release|Any CPU
		{2EAD66CA-57C6-49F3-BA54-776F23ED6DAF}.Release|Any CPU.Build.0 = Release|Any CPU
		{565C23AE-83C4-46F5-8F10-838836816701}.Debug|Any CPU.ActiveCfg = Debug|Any CPU
		{565C23AE-83C4-46F5-8F10-838836816701}.Debug|Any CPU.Build.0 = Debug|Any CPU
		{565C23AE-83C4-46F5-8F10-838836816701}.Release|Any CPU.ActiveCfg = Release|Any CPU
		{565C23AE-83C4-46F5-8F10-838836816701}.Release|Any CPU.Build.0 = Release|Any CPU
		{503E8A5F-E672-4032-A8CE-41E0EC33F0ED}.Debug|Any CPU.ActiveCfg = Debug|Any CPU
		{503E8A5F-E672-4032-A8CE-41E0EC33F0ED}.Debug|Any CPU.Build.0 = Debug|Any CPU
		{503E8A5F-E672-4032-A8CE-41E0EC33F0ED}.Release|Any CPU.ActiveCfg = Release|Any CPU
		{503E8A5F-E672-4032-A8CE-41E0EC33F0ED}.Release|Any CPU.Build.0 = Release|Any CPU
		{A56DAF1F-356C-4C35-9BFC-F7CC5042ED9F}.Debug|Any CPU.ActiveCfg = Debug|Any CPU
		{A56DAF1F-356C-4C35-9BFC-F7CC5042ED9F}.Debug|Any CPU.Build.0 = Debug|Any CPU
		{A56DAF1F-356C-4C35-9BFC-F7CC5042ED9F}.Release|Any CPU.ActiveCfg = Release|Any CPU
		{A56DAF1F-356C-4C35-9BFC-F7CC5042ED9F}.Release|Any CPU.Build.0 = Release|Any CPU
		{22AB243E-D060-4317-B318-DB9E8EF5CEE9}.Debug|Any CPU.ActiveCfg = Debug|Any CPU
		{22AB243E-D060-4317-B318-DB9E8EF5CEE9}.Debug|Any CPU.Build.0 = Debug|Any CPU
		{22AB243E-D060-4317-B318-DB9E8EF5CEE9}.Release|Any CPU.ActiveCfg = Release|Any CPU
		{22AB243E-D060-4317-B318-DB9E8EF5CEE9}.Release|Any CPU.Build.0 = Release|Any CPU
	EndGlobalSection
EndGlobal
